
Microsoft Visual Studio Solution File, Format Version 12.00
Project("{FAE04EC0-301F-11D3-BF4B-00C04F79EFBC}") = "EventStore", "src\EventStore\EventStore.csproj", "{38E22966-DE25-40DA-85DB-C37A2B2DE505}"
EndProject
Project("{FAE04EC0-301F-11D3-BF4B-00C04F79EFBC}") = "ReadModel1", "src\ReadModel1\ReadModel1.csproj", "{B5AC2ABC-B8DF-468A-9EDC-B0BB6E81236E}"
EndProject
Global
	GlobalSection(SolutionConfigurationPlatforms) = preSolution
		Debug|Any CPU = Debug|Any CPU
		Release|Any CPU = Release|Any CPU
	EndGlobalSection
	GlobalSection(ProjectConfigurationPlatforms) = postSolution
		{38E22966-DE25-40DA-85DB-C37A2B2DE505}.Debug|Any CPU.ActiveCfg = Debug|Any CPU
		{38E22966-DE25-40DA-85DB-C37A2B2DE505}.Debug|Any CPU.Build.0 = Debug|Any CPU
		{38E22966-DE25-40DA-85DB-C37A2B2DE505}.Release|Any CPU.ActiveCfg = Release|Any CPU
		{38E22966-DE25-40DA-85DB-C37A2B2DE505}.Release|Any CPU.Build.0 = Release|Any CPU
		{B5AC2ABC-B8DF-468A-9EDC-B0BB6E81236E}.Debug|Any CPU.ActiveCfg = Debug|Any CPU
		{B5AC2ABC-B8DF-468A-9EDC-B0BB6E81236E}.Debug|Any CPU.Build.0 = Debug|Any CPU
		{B5AC2ABC-B8DF-468A-9EDC-B0BB6E81236E}.Release|Any CPU.ActiveCfg = Release|Any CPU
		{B5AC2ABC-B8DF-468A-9EDC-B0BB6E81236E}.Release|Any CPU.Build.0 = Release|Any CPU
	EndGlobalSection
EndGlobal
