
Microsoft Visual Studio Solution File, Format Version 12.00
# Visual Studio 15
VisualStudioVersion = 15.0.28307.645
MinimumVisualStudioVersion = 10.0.40219.1
Project("{FAE04EC0-301F-11D3-BF4B-00C04F79EFBC}") = "MapApi", "MapApi\MapApi.csproj", "{048E14DF-8828-46B6-B16D-6CAB6C9FEE2B}"
EndProject
Global
	GlobalSection(SolutionConfigurationPlatforms) = preSolution
		Debug|Any CPU = Debug|Any CPU
		Release|Any CPU = Release|Any CPU
	EndGlobalSection
	GlobalSection(ProjectConfigurationPlatforms) = postSolution
		{048E14DF-8828-46B6-B16D-6CAB6C9FEE2B}.Debug|Any CPU.ActiveCfg = Debug|Any CPU
		{048E14DF-8828-46B6-B16D-6CAB6C9FEE2B}.Debug|Any CPU.Build.0 = Debug|Any CPU
		{048E14DF-8828-46B6-B16D-6CAB6C9FEE2B}.Release|Any CPU.ActiveCfg = Release|Any CPU
		{048E14DF-8828-46B6-B16D-6CAB6C9FEE2B}.Release|Any CPU.Build.0 = Release|Any CPU
	EndGlobalSection
	GlobalSection(SolutionProperties) = preSolution
		HideSolutionNode = FALSE
	EndGlobalSection
	GlobalSection(ExtensibilityGlobals) = postSolution
		SolutionGuid = {022D4D82-CC9C-4A67-9187-080E79A74E0F}
	EndGlobalSection
EndGlobal
