
Microsoft Visual Studio Solution File, Format Version 12.00
# Visual Studio 15
VisualStudioVersion = 15.0.28307.645
MinimumVisualStudioVersion = 10.0.40219.1
Project("{9A19103F-16F7-4668-BE54-9A1E7A4F7556}") = "MapApi", "src\MapApi\MapApi.csproj", "{695FA44E-1E48-4575-B6FF-72DADC481F9B}"
EndProject
Project("{9A19103F-16F7-4668-BE54-9A1E7A4F7556}") = "GoogleMapAPIWeb", "src\GoogleMapAPIWeb\GoogleMapAPIWeb.csproj", "{EA5799B5-2949-418C-B860-F000DA40178C}"
EndProject
Project("{9A19103F-16F7-4668-BE54-9A1E7A4F7556}") = "MapApiCore", "src\MapApiCore\MapApiCore.csproj", "{603D186A-8024-4E23-ABC6-9E1FC6952DC4}"
EndProject
Global
	GlobalSection(SolutionConfigurationPlatforms) = preSolution
		Debug|Any CPU = Debug|Any CPU
		Release|Any CPU = Release|Any CPU
	EndGlobalSection
	GlobalSection(ProjectConfigurationPlatforms) = postSolution
		{695FA44E-1E48-4575-B6FF-72DADC481F9B}.Debug|Any CPU.ActiveCfg = Debug|Any CPU
		{695FA44E-1E48-4575-B6FF-72DADC481F9B}.Debug|Any CPU.Build.0 = Debug|Any CPU
		{695FA44E-1E48-4575-B6FF-72DADC481F9B}.Release|Any CPU.ActiveCfg = Release|Any CPU
		{695FA44E-1E48-4575-B6FF-72DADC481F9B}.Release|Any CPU.Build.0 = Release|Any CPU
		{EA5799B5-2949-418C-B860-F000DA40178C}.Debug|Any CPU.ActiveCfg = Debug|Any CPU
		{EA5799B5-2949-418C-B860-F000DA40178C}.Debug|Any CPU.Build.0 = Debug|Any CPU
		{EA5799B5-2949-418C-B860-F000DA40178C}.Release|Any CPU.ActiveCfg = Release|Any CPU
		{EA5799B5-2949-418C-B860-F000DA40178C}.Release|Any CPU.Build.0 = Release|Any CPU
		{603D186A-8024-4E23-ABC6-9E1FC6952DC4}.Debug|Any CPU.ActiveCfg = Debug|Any CPU
		{603D186A-8024-4E23-ABC6-9E1FC6952DC4}.Debug|Any CPU.Build.0 = Debug|Any CPU
		{603D186A-8024-4E23-ABC6-9E1FC6952DC4}.Release|Any CPU.ActiveCfg = Release|Any CPU
		{603D186A-8024-4E23-ABC6-9E1FC6952DC4}.Release|Any CPU.Build.0 = Release|Any CPU
	EndGlobalSection
	GlobalSection(SolutionProperties) = preSolution
		HideSolutionNode = FALSE
	EndGlobalSection
	GlobalSection(ExtensibilityGlobals) = postSolution
		SolutionGuid = {022D4D82-CC9C-4A67-9187-080E79A74E0F}
	EndGlobalSection
EndGlobal
